<?xml version="1.0" encoding="utf-8"?>
<Project ToolsVersion="4.0" xmlns="http://schemas.microsoft.com/developer/msbuild/2003">
  <ItemGroup>
    <Filter Include="Source Files">
      <UniqueIdentifier>{4FC737F1-C7A5-4376-A066-2A32D752A2FF}</UniqueIdentifier>
      <Extensions>cpp;c;cc;cxx;def;odl;idl;hpj;bat;asm;asmx</Extensions>
    </Filter>
    <Filter Include="Header Files">
      <UniqueIdentifier>{93995380-89BD-4b04-88EB-625FBE52EBFB}</UniqueIdentifier>
      <Extensions>h;hpp;hxx;hm;inl;inc;xsd</Extensions>
    </Filter>
    <Filter Include="Resource Files">
      <UniqueIdentifier>{67DA6AB6-F800-4c08-8B7A-83BB121AAD01}</UniqueIdentifier>
      <Extensions>rc;ico;cur;bmp;dlg;rc2;rct;bin;rgs;gif;jpg;jpeg;jpe;resx;tiff;tif;png;wav</Extensions>
    </Filter>
  </ItemGroup>
  <ItemGroup>
    <ClCompile Include="src\DecoderWindows.C">
      <Filter>Source Files</Filter>
    </ClCompile>
    <ClCompile Include="src\event.C">
      <Filter>Source Files</Filter>
    </ClCompile>
    <ClCompile Include="src\generator.C">
      <Filter>Source Files</Filter>
    </ClCompile>
    <ClCompile Include="src\GeneratorWindows.C">
      <Filter>Source Files</Filter>
    </ClCompile>
    <ClCompile Include="src\handler.C">
      <Filter>Source Files</Filter>
    </ClCompile>
    <ClCompile Include="src\irpc.C">
      <Filter>Source Files</Filter>
    </ClCompile>
    <ClCompile Include="src\mailbox.C">
      <Filter>Source Files</Filter>
    </ClCompile>
    <ClCompile Include="src\memcache.C">
      <Filter>Source Files</Filter>
    </ClCompile>
    <ClCompile Include="src\pcerrors.C">
      <Filter>Source Files</Filter>
    </ClCompile>
    <ClCompile Include="src\process.C">
      <Filter>Source Files</Filter>
    </ClCompile>
    <ClCompile Include="src\processplat.C">
      <Filter>Source Files</Filter>
    </ClCompile>
    <ClCompile Include="src\procpool.C">
      <Filter>Source Files</Filter>
    </ClCompile>
    <ClCompile Include="src\procset.C">
      <Filter>Source Files</Filter>
    </ClCompile>
    <ClCompile Include="src\response.C">
      <Filter>Source Files</Filter>
    </ClCompile>
    <ClCompile Include="src\windows_handler.C">
      <Filter>Source Files</Filter>
    </ClCompile>
    <ClCompile Include="src\windows_process.C">
      <Filter>Source Files</Filter>
    </ClCompile>
    <ClCompile Include="src\windows_thread.C">
      <Filter>Source Files</Filter>
    </ClCompile>
    <ClCompile Include="src\x86_process.C">
      <Filter>Source Files</Filter>
    </ClCompile>
  </ItemGroup>
  <ItemGroup>
    <ClInclude Include="h\Decoder.h">
      <Filter>Header Files</Filter>
    </ClInclude>
    <ClInclude Include="src\DecoderWindows.h">
      <Filter>Header Files</Filter>
    </ClInclude>
    <ClInclude Include="h\Event.h">
      <Filter>Header Files</Filter>
    </ClInclude>
    <ClInclude Include="h\EventType.h">
      <Filter>Header Files</Filter>
    </ClInclude>
    <ClInclude Include="h\Generator.h">
      <Filter>Header Files</Filter>
    </ClInclude>
    <ClInclude Include="src\GeneratorWindows.h">
      <Filter>Header Files</Filter>
    </ClInclude>
    <ClInclude Include="h\Handler.h">
      <Filter>Header Files</Filter>
    </ClInclude>
    <ClInclude Include="src\int_event.h">
      <Filter>Header Files</Filter>
    </ClInclude>
    <ClInclude Include="src\int_handler.h">
      <Filter>Header Files</Filter>
    </ClInclude>
    <ClInclude Include="src\int_process.h">
      <Filter>Header Files</Filter>
    </ClInclude>
    <ClInclude Include="src\irpc.h">
      <Filter>Header Files</Filter>
    </ClInclude>
    <ClInclude Include="h\Mailbox.h">
      <Filter>Header Files</Filter>
    </ClInclude>
    <ClInclude Include="h\PCErrors.h">
      <Filter>Header Files</Filter>
    </ClInclude>
    <ClInclude Include="h\PCProcess.h">
      <Filter>Header Files</Filter>
    </ClInclude>
    <ClInclude Include="h\ProcessSet.h">
      <Filter>Header Files</Filter>
    </ClInclude>
    <ClInclude Include="src\procpool.h">
      <Filter>Header Files</Filter>
    </ClInclude>
    <ClInclude Include="src\response.h">
      <Filter>Header Files</Filter>
    </ClInclude>
    <ClInclude Include="src\windows_handler.h">
      <Filter>Header Files</Filter>
    </ClInclude>
    <ClInclude Include="src\windows_process.h">
      <Filter>Header Files</Filter>
    </ClInclude>
    <ClInclude Include="src\windows_thread.h">
      <Filter>Header Files</Filter>
    </ClInclude>
    <ClInclude Include="src\x86_process.h">
      <Filter>Header Files</Filter>
    </ClInclude>
    <ClInclude Include="h\PlatFeatures.h">
      <Filter>Header Files</Filter>
    </ClInclude>
  </ItemGroup>
</Project>