Microsoft Visual Studio Solution File, Format Version 11.00
# Visual Studio 2010
Project("{8BC9CEB8-8B4A-11D0-8D11-00A0C91BC942}") = "DyninstAPI_RT", "DyninstAPI_RT\DyninstAPI_RT.vcxproj", "{2AB5FA1E-CF56-4E8A-93B7-6A8940DCB602}"
EndProject
Project("{8BC9CEB8-8B4A-11D0-8D11-00A0C91BC942}") = "symtabAPI", "symtabAPI\symtabAPI.vcxproj", "{79CC6672-5A8B-4D3B-BEEA-75024607A81B}"
EndProject
Project("{8BC9CEB8-8B4A-11D0-8D11-00A0C91BC942}") = "common", "common\common.vcxproj", "{197E213A-6900-4D09-B280-109A0D02DF36}"
EndProject
Project("{8BC9CEB8-8B4A-11D0-8D11-00A0C91BC942}") = "dyninstAPI", "dyninstAPI\dyninstAPI.vcxproj", "{33F95814-6383-4480-A3F5-B9DC73B1DA1A}"
EndProject
Project("{8BC9CEB8-8B4A-11D0-8D11-00A0C91BC942}") = "instructionAPI", "instructionAPI\instructionAPI.vcxproj", "{56F83FE4-E104-4D97-A4B9-89F41B034529}"
EndProject
Project("{8BC9CEB8-8B4A-11D0-8D11-00A0C91BC942}") = "newtestsuite", "testsuite\i386-unknown-nt4.0\newtestsuite.vcxproj", "{73BD9B12-EDAE-48F5-9118-250FF506ED16}"
EndProject
Project("{8BC9CEB8-8B4A-11D0-8D11-00A0C91BC942}") = "parseAPI", "parseAPI\parseAPI.vcxproj", "{39161B28-A3B4-40B9-AE03-4E021448BA80}"
EndProject
Project("{8BC9CEB8-8B4A-11D0-8D11-00A0C91BC942}") = "patchAPI", "patchAPI\patchAPI.vcxproj", "{6DECA5E0-DF7A-4017-82F3-E7D105DDF0E4}"
EndProject
Project("{8BC9CEB8-8B4A-11D0-8D11-00A0C91BC942}") = "stackwalk", "stackwalk\stackwalk.vcxproj", "{BF4F4A40-E4C7-4F0E-A667-0BA93B05D42A}"
	ProjectSection(ProjectDependencies) = postProject
		{E2356DA6-9C35-45F6-B9D2-21C1CAD3A6EF} = {E2356DA6-9C35-45F6-B9D2-21C1CAD3A6EF}
	EndProjectSection
EndProject
Project("{8BC9CEB8-8B4A-11D0-8D11-00A0C91BC942}") = "proccontrol", "proccontrol\proccontrol.vcxproj", "{E2356DA6-9C35-45F6-B9D2-21C1CAD3A6EF}"
EndProject
Project("{54435603-DBB4-11D2-8724-00A0C9A8B90C}") = "Installer", "Installer\Installer.vdproj", "{67CF3A77-E44D-49E4-8170-AA40ABCBE086}"
EndProject
Global
	GlobalSection(SolutionConfigurationPlatforms) = preSolution
		Debug|Win32 = Debug|Win32
		Release|Win32 = Release|Win32
	EndGlobalSection
	GlobalSection(ProjectConfigurationPlatforms) = postSolution
		{2AB5FA1E-CF56-4E8A-93B7-6A8940DCB602}.Debug|Win32.ActiveCfg = Debug|Win32
		{2AB5FA1E-CF56-4E8A-93B7-6A8940DCB602}.Debug|Win32.Build.0 = Debug|Win32
		{2AB5FA1E-CF56-4E8A-93B7-6A8940DCB602}.Release|Win32.ActiveCfg = Release|Win32
		{2AB5FA1E-CF56-4E8A-93B7-6A8940DCB602}.Release|Win32.Build.0 = Release|Win32
		{79CC6672-5A8B-4D3B-BEEA-75024607A81B}.Debug|Win32.ActiveCfg = Debug|Win32
		{79CC6672-5A8B-4D3B-BEEA-75024607A81B}.Debug|Win32.Build.0 = Debug|Win32
		{79CC6672-5A8B-4D3B-BEEA-75024607A81B}.Release|Win32.ActiveCfg = Release|Win32
		{79CC6672-5A8B-4D3B-BEEA-75024607A81B}.Release|Win32.Build.0 = Release|Win32
		{197E213A-6900-4D09-B280-109A0D02DF36}.Debug|Win32.ActiveCfg = Debug|Win32
		{197E213A-6900-4D09-B280-109A0D02DF36}.Debug|Win32.Build.0 = Debug|Win32
		{197E213A-6900-4D09-B280-109A0D02DF36}.Release|Win32.ActiveCfg = Release|Win32
		{197E213A-6900-4D09-B280-109A0D02DF36}.Release|Win32.Build.0 = Release|Win32
		{33F95814-6383-4480-A3F5-B9DC73B1DA1A}.Debug|Win32.ActiveCfg = Debug|Win32
		{33F95814-6383-4480-A3F5-B9DC73B1DA1A}.Debug|Win32.Build.0 = Debug|Win32
		{33F95814-6383-4480-A3F5-B9DC73B1DA1A}.Release|Win32.ActiveCfg = Release|Win32
		{33F95814-6383-4480-A3F5-B9DC73B1DA1A}.Release|Win32.Build.0 = Release|Win32
		{56F83FE4-E104-4D97-A4B9-89F41B034529}.Debug|Win32.ActiveCfg = Debug|Win32
		{56F83FE4-E104-4D97-A4B9-89F41B034529}.Debug|Win32.Build.0 = Debug|Win32
		{56F83FE4-E104-4D97-A4B9-89F41B034529}.Release|Win32.ActiveCfg = Release|Win32
		{56F83FE4-E104-4D97-A4B9-89F41B034529}.Release|Win32.Build.0 = Release|Win32
		{73BD9B12-EDAE-48F5-9118-250FF506ED16}.Debug|Win32.ActiveCfg = Debug|Win32
		{73BD9B12-EDAE-48F5-9118-250FF506ED16}.Debug|Win32.Build.0 = Debug|Win32
		{73BD9B12-EDAE-48F5-9118-250FF506ED16}.Release|Win32.ActiveCfg = Release|Win32
		{73BD9B12-EDAE-48F5-9118-250FF506ED16}.Release|Win32.Build.0 = Release|Win32
		{39161B28-A3B4-40B9-AE03-4E021448BA80}.Debug|Win32.ActiveCfg = Debug|Win32
		{39161B28-A3B4-40B9-AE03-4E021448BA80}.Debug|Win32.Build.0 = Debug|Win32
		{39161B28-A3B4-40B9-AE03-4E021448BA80}.Release|Win32.ActiveCfg = Release|Win32
		{39161B28-A3B4-40B9-AE03-4E021448BA80}.Release|Win32.Build.0 = Release|Win32
		{6DECA5E0-DF7A-4017-82F3-E7D105DDF0E4}.Debug|Win32.ActiveCfg = Debug|Win32
		{6DECA5E0-DF7A-4017-82F3-E7D105DDF0E4}.Debug|Win32.Build.0 = Debug|Win32
		{6DECA5E0-DF7A-4017-82F3-E7D105DDF0E4}.Release|Win32.ActiveCfg = Release|Win32
		{6DECA5E0-DF7A-4017-82F3-E7D105DDF0E4}.Release|Win32.Build.0 = Release|Win32
		{BF4F4A40-E4C7-4F0E-A667-0BA93B05D42A}.Debug|Win32.ActiveCfg = Debug|Win32
		{BF4F4A40-E4C7-4F0E-A667-0BA93B05D42A}.Debug|Win32.Build.0 = Debug|Win32
		{BF4F4A40-E4C7-4F0E-A667-0BA93B05D42A}.Release|Win32.ActiveCfg = Release|Win32
		{BF4F4A40-E4C7-4F0E-A667-0BA93B05D42A}.Release|Win32.Build.0 = Release|Win32
		{E2356DA6-9C35-45F6-B9D2-21C1CAD3A6EF}.Debug|Win32.ActiveCfg = Debug|Win32
		{E2356DA6-9C35-45F6-B9D2-21C1CAD3A6EF}.Debug|Win32.Build.0 = Debug|Win32
		{E2356DA6-9C35-45F6-B9D2-21C1CAD3A6EF}.Release|Win32.ActiveCfg = Release|Win32
		{E2356DA6-9C35-45F6-B9D2-21C1CAD3A6EF}.Release|Win32.Build.0 = Release|Win32
		{67CF3A77-E44D-49E4-8170-AA40ABCBE086}.Debug|Win32.ActiveCfg = Debug
		{67CF3A77-E44D-49E4-8170-AA40ABCBE086}.Release|Win32.ActiveCfg = Release
	EndGlobalSection
	GlobalSection(SolutionProperties) = preSolution
		HideSolutionNode = FALSE
	EndGlobalSection
EndGlobal
