Microsoft Visual Studio Solution File, Format Version 11.00
# Visual Studio 2010
Project("{8BC9CEB8-8B4A-11D0-8D11-00A0C91BC942}") = "dyninstAPI_RT", "DyninstAPI_RT\DyninstAPI_RT.vcxproj", "{7CC277D6-0898-4C0E-8F18-6D68F801492D}"
EndProject
Project("{8BC9CEB8-8B4A-11D0-8D11-00A0C91BC942}") = "symtabAPI", "symtabAPI\symtabAPI.vcxproj", "{B74FAC02-F105-45F1-A44F-03A80EDF56A6}"
EndProject
Project("{8BC9CEB8-8B4A-11D0-8D11-00A0C91BC942}") = "common", "common\common.vcxproj", "{C177E433-B9F9-4222-8000-B375B1F4D013}"
EndProject
Project("{8BC9CEB8-8B4A-11D0-8D11-00A0C91BC942}") = "dyninstAPI", "dyninstAPI\dyninstAPI.vcxproj", "{E073A1A2-1433-425B-AFFE-CE787A4F2E2F}"
EndProject
Project("{8BC9CEB8-8B4A-11D0-8D11-00A0C91BC942}") = "instructionAPI", "instructionAPI\instructionAPI.vcxproj", "{1A2094A6-7BBB-4E53-9DFD-830801D76EE9}"
EndProject
Project("{8BC9CEB8-8B4A-11D0-8D11-00A0C91BC942}") = "parseAPI", "parseAPI\parseAPI.vcxproj", "{D09AF9B2-5A7D-4517-9CDC-E8DEA662F8A2}"
EndProject
Project("{8BC9CEB8-8B4A-11D0-8D11-00A0C91BC942}") = "patchAPI", "patchAPI\patchAPI.vcxproj", "{B6BA7C1B-2B1C-4D92-B8BA-C624A34B34D8}"
EndProject
Project("{8BC9CEB8-8B4A-11D0-8D11-00A0C91BC942}") = "stackwalk", "stackwalk\stackwalk.vcxproj", "{07E48887-28A5-4E6F-B582-7F813881259D}"
	ProjectSection(ProjectDependencies) = postProject
		{E2356DA6-9C35-45F6-B9D2-21C1CAD3A6EF} = {E2356DA6-9C35-45F6-B9D2-21C1CAD3A6EF}
	EndProjectSection
EndProject
Project("{8BC9CEB8-8B4A-11D0-8D11-00A0C91BC942}") = "proccontrol", "proccontrol\proccontrol.vcxproj", "{E2356DA6-9C35-45F6-B9D2-21C1CAD3A6EF}"
EndProject
Project("{54435603-DBB4-11D2-8724-00A0C9A8B90C}") = "Installer", "Installer\Installer.vdproj", "{67CF3A77-E44D-49E4-8170-AA40ABCBE086}"
EndProject
Global
	GlobalSection(SolutionConfigurationPlatforms) = preSolution
		Debug|Win32 = Debug|Win32
		Release|Win32 = Release|Win32
	EndGlobalSection
	GlobalSection(ProjectConfigurationPlatforms) = postSolution
		{7CC277D6-0898-4C0E-8F18-6D68F801492D}.Debug|Win32.ActiveCfg = Debug|Win32
		{7CC277D6-0898-4C0E-8F18-6D68F801492D}.Debug|Win32.Build.0 = Debug|Win32
		{7CC277D6-0898-4C0E-8F18-6D68F801492D}.Release|Win32.ActiveCfg = Release|Win32
		{7CC277D6-0898-4C0E-8F18-6D68F801492D}.Release|Win32.Build.0 = Release|Win32
		{B74FAC02-F105-45F1-A44F-03A80EDF56A6}.Debug|Win32.ActiveCfg = Debug|Win32
		{B74FAC02-F105-45F1-A44F-03A80EDF56A6}.Debug|Win32.Build.0 = Debug|Win32
		{B74FAC02-F105-45F1-A44F-03A80EDF56A6}.Release|Win32.ActiveCfg = Release|Win32
		{B74FAC02-F105-45F1-A44F-03A80EDF56A6}.Release|Win32.Build.0 = Release|Win32
		{C177E433-B9F9-4222-8000-B375B1F4D013}.Debug|Win32.ActiveCfg = Debug|Win32
		{C177E433-B9F9-4222-8000-B375B1F4D013}.Debug|Win32.Build.0 = Debug|Win32
		{C177E433-B9F9-4222-8000-B375B1F4D013}.Release|Win32.ActiveCfg = Release|Win32
		{C177E433-B9F9-4222-8000-B375B1F4D013}.Release|Win32.Build.0 = Release|Win32
		{E073A1A2-1433-425B-AFFE-CE787A4F2E2F}.Debug|Win32.ActiveCfg = Debug|Win32
		{E073A1A2-1433-425B-AFFE-CE787A4F2E2F}.Debug|Win32.Build.0 = Debug|Win32
		{E073A1A2-1433-425B-AFFE-CE787A4F2E2F}.Release|Win32.ActiveCfg = Release|Win32
		{E073A1A2-1433-425B-AFFE-CE787A4F2E2F}.Release|Win32.Build.0 = Release|Win32
		{1A2094A6-7BBB-4E53-9DFD-830801D76EE9}.Debug|Win32.ActiveCfg = Debug|Win32
		{1A2094A6-7BBB-4E53-9DFD-830801D76EE9}.Debug|Win32.Build.0 = Debug|Win32
		{1A2094A6-7BBB-4E53-9DFD-830801D76EE9}.Release|Win32.ActiveCfg = Release|Win32
		{1A2094A6-7BBB-4E53-9DFD-830801D76EE9}.Release|Win32.Build.0 = Release|Win32
		{D09AF9B2-5A7D-4517-9CDC-E8DEA662F8A2}.Debug|Win32.ActiveCfg = Debug|Win32
		{D09AF9B2-5A7D-4517-9CDC-E8DEA662F8A2}.Debug|Win32.Build.0 = Debug|Win32
		{D09AF9B2-5A7D-4517-9CDC-E8DEA662F8A2}.Release|Win32.ActiveCfg = Release|Win32
		{D09AF9B2-5A7D-4517-9CDC-E8DEA662F8A2}.Release|Win32.Build.0 = Release|Win32
		{B6BA7C1B-2B1C-4D92-B8BA-C624A34B34D8}.Debug|Win32.ActiveCfg = Debug|Win32
		{B6BA7C1B-2B1C-4D92-B8BA-C624A34B34D8}.Debug|Win32.Build.0 = Debug|Win32
		{B6BA7C1B-2B1C-4D92-B8BA-C624A34B34D8}.Release|Win32.ActiveCfg = Release|Win32
		{B6BA7C1B-2B1C-4D92-B8BA-C624A34B34D8}.Release|Win32.Build.0 = Release|Win32
		{07E48887-28A5-4E6F-B582-7F813881259D}.Debug|Win32.ActiveCfg = Debug|Win32
		{07E48887-28A5-4E6F-B582-7F813881259D}.Debug|Win32.Build.0 = Debug|Win32
		{07E48887-28A5-4E6F-B582-7F813881259D}.Release|Win32.ActiveCfg = Release|Win32
		{07E48887-28A5-4E6F-B582-7F813881259D}.Release|Win32.Build.0 = Release|Win32
		{E2356DA6-9C35-45F6-B9D2-21C1CAD3A6EF}.Debug|Win32.ActiveCfg = Debug|Win32
		{E2356DA6-9C35-45F6-B9D2-21C1CAD3A6EF}.Debug|Win32.Build.0 = Debug|Win32
		{E2356DA6-9C35-45F6-B9D2-21C1CAD3A6EF}.Release|Win32.ActiveCfg = Release|Win32
		{E2356DA6-9C35-45F6-B9D2-21C1CAD3A6EF}.Release|Win32.Build.0 = Release|Win32
		{67CF3A77-E44D-49E4-8170-AA40ABCBE086}.Debug|Win32.ActiveCfg = Debug
		{67CF3A77-E44D-49E4-8170-AA40ABCBE086}.Release|Win32.ActiveCfg = Release
	EndGlobalSection
	GlobalSection(SolutionProperties) = preSolution
		HideSolutionNode = FALSE
	EndGlobalSection
EndGlobal
