Microsoft Visual Studio Solution File, Format Version 11.00
# Visual Studio 2010
Project("{8BC9CEB8-8B4A-11D0-8D11-00A0C91BC942}") = "ALL_BUILD", "ALL_BUILD.vcxproj", "{C279E421-5523-42F3-AF3F-22CE0BDB43D3}"
	ProjectSection(ProjectDependencies) = postProject
		{394B32B8-5C72-4D7C-AFB9-C0EA61B671A1} = {394B32B8-5C72-4D7C-AFB9-C0EA61B671A1}
		{AAB9B8B5-4638-49F9-84A8-3A57168491CA} = {AAB9B8B5-4638-49F9-84A8-3A57168491CA}
		{C177E433-B9F9-4222-8000-B375B1F4D013} = {C177E433-B9F9-4222-8000-B375B1F4D013}
		{160B1EF2-28D6-40B1-9DC6-1CCF31D81630} = {160B1EF2-28D6-40B1-9DC6-1CCF31D81630}
		{E073A1A2-1433-425B-AFFE-CE787A4F2E2F} = {E073A1A2-1433-425B-AFFE-CE787A4F2E2F}
		{C6E62DD6-36B1-4AD3-9BE4-B885E5C4CA2C} = {C6E62DD6-36B1-4AD3-9BE4-B885E5C4CA2C}
		{1A2094A6-7BBB-4E53-9DFD-830801D76EE9} = {1A2094A6-7BBB-4E53-9DFD-830801D76EE9}
		{F7894CD0-7190-4B5E-B070-32FBA19FEAD8} = {F7894CD0-7190-4B5E-B070-32FBA19FEAD8}
		{D09AF9B2-5A7D-4517-9CDC-E8DEA662F8A2} = {D09AF9B2-5A7D-4517-9CDC-E8DEA662F8A2}
		{3B306373-48FA-4766-AB12-E7195D8783E9} = {3B306373-48FA-4766-AB12-E7195D8783E9}
		{B6BA7C1B-2B1C-4D92-B8BA-C624A34B34D8} = {B6BA7C1B-2B1C-4D92-B8BA-C624A34B34D8}
		{2529C37C-CAE8-4C24-9F40-1A8904F9FCA5} = {2529C37C-CAE8-4C24-9F40-1A8904F9FCA5}
		{A059AF20-439D-499E-B7CD-C9772385AD3C} = {A059AF20-439D-499E-B7CD-C9772385AD3C}
		{F4329935-DC8F-4E69-A58C-8C748922DB77} = {F4329935-DC8F-4E69-A58C-8C748922DB77}
		{07E48887-28A5-4E6F-B582-7F813881259D} = {07E48887-28A5-4E6F-B582-7F813881259D}
		{15272D3C-18E1-49B7-990D-48A2D9A1D794} = {15272D3C-18E1-49B7-990D-48A2D9A1D794}
		{B74FAC02-F105-45F1-A44F-03A80EDF56A6} = {B74FAC02-F105-45F1-A44F-03A80EDF56A6}
		{019EC139-5B5A-44DC-804D-38D6956A298D} = {019EC139-5B5A-44DC-804D-38D6956A298D}
	EndProjectSection
EndProject
Project("{8BC9CEB8-8B4A-11D0-8D11-00A0C91BC942}") = "DyninstRT", "DyninstRT.vcxproj", "{394B32B8-5C72-4D7C-AFB9-C0EA61B671A1}"
	ProjectSection(ProjectDependencies) = postProject
		{AAB9B8B5-4638-49F9-84A8-3A57168491CA} = {AAB9B8B5-4638-49F9-84A8-3A57168491CA}
	EndProjectSection
EndProject
Project("{8BC9CEB8-8B4A-11D0-8D11-00A0C91BC942}") = "INSTALL", "INSTALL.vcxproj", "{6D97A7FF-0727-4B1E-8EA0-F9C6D74CD92F}"
	ProjectSection(ProjectDependencies) = postProject
		{C279E421-5523-42F3-AF3F-22CE0BDB43D3} = {C279E421-5523-42F3-AF3F-22CE0BDB43D3}
	EndProjectSection
EndProject
Project("{8BC9CEB8-8B4A-11D0-8D11-00A0C91BC942}") = "ZERO_CHECK", "ZERO_CHECK.vcxproj", "{AAB9B8B5-4638-49F9-84A8-3A57168491CA}"
	ProjectSection(ProjectDependencies) = postProject
	EndProjectSection
EndProject
Project("{8BC9CEB8-8B4A-11D0-8D11-00A0C91BC942}") = "common", "common\common.vcxproj", "{C177E433-B9F9-4222-8000-B375B1F4D013}"
	ProjectSection(ProjectDependencies) = postProject
		{AAB9B8B5-4638-49F9-84A8-3A57168491CA} = {AAB9B8B5-4638-49F9-84A8-3A57168491CA}
	EndProjectSection
EndProject
Project("{8BC9CEB8-8B4A-11D0-8D11-00A0C91BC942}") = "common_static", "common\common_static.vcxproj", "{160B1EF2-28D6-40B1-9DC6-1CCF31D81630}"
	ProjectSection(ProjectDependencies) = postProject
		{AAB9B8B5-4638-49F9-84A8-3A57168491CA} = {AAB9B8B5-4638-49F9-84A8-3A57168491CA}
	EndProjectSection
EndProject
Project("{8BC9CEB8-8B4A-11D0-8D11-00A0C91BC942}") = "dyninstAPI", "dyninstAPI\dyninstAPI.vcxproj", "{E073A1A2-1433-425B-AFFE-CE787A4F2E2F}"
	ProjectSection(ProjectDependencies) = postProject
		{AAB9B8B5-4638-49F9-84A8-3A57168491CA} = {AAB9B8B5-4638-49F9-84A8-3A57168491CA}
		{C177E433-B9F9-4222-8000-B375B1F4D013} = {C177E433-B9F9-4222-8000-B375B1F4D013}
		{1A2094A6-7BBB-4E53-9DFD-830801D76EE9} = {1A2094A6-7BBB-4E53-9DFD-830801D76EE9}
		{D09AF9B2-5A7D-4517-9CDC-E8DEA662F8A2} = {D09AF9B2-5A7D-4517-9CDC-E8DEA662F8A2}
		{B6BA7C1B-2B1C-4D92-B8BA-C624A34B34D8} = {B6BA7C1B-2B1C-4D92-B8BA-C624A34B34D8}
		{A059AF20-439D-499E-B7CD-C9772385AD3C} = {A059AF20-439D-499E-B7CD-C9772385AD3C}
		{07E48887-28A5-4E6F-B582-7F813881259D} = {07E48887-28A5-4E6F-B582-7F813881259D}
		{B74FAC02-F105-45F1-A44F-03A80EDF56A6} = {B74FAC02-F105-45F1-A44F-03A80EDF56A6}
	EndProjectSection
EndProject
Project("{8BC9CEB8-8B4A-11D0-8D11-00A0C91BC942}") = "dyninstAPI_static", "dyninstAPI\dyninstAPI_static.vcxproj", "{C6E62DD6-36B1-4AD3-9BE4-B885E5C4CA2C}"
	ProjectSection(ProjectDependencies) = postProject
		{AAB9B8B5-4638-49F9-84A8-3A57168491CA} = {AAB9B8B5-4638-49F9-84A8-3A57168491CA}
	EndProjectSection
EndProject
Project("{8BC9CEB8-8B4A-11D0-8D11-00A0C91BC942}") = "instructionAPI", "instructionAPI\instructionAPI.vcxproj", "{1A2094A6-7BBB-4E53-9DFD-830801D76EE9}"
	ProjectSection(ProjectDependencies) = postProject
		{AAB9B8B5-4638-49F9-84A8-3A57168491CA} = {AAB9B8B5-4638-49F9-84A8-3A57168491CA}
		{C177E433-B9F9-4222-8000-B375B1F4D013} = {C177E433-B9F9-4222-8000-B375B1F4D013}
	EndProjectSection
EndProject
Project("{8BC9CEB8-8B4A-11D0-8D11-00A0C91BC942}") = "instructionAPI_static", "instructionAPI\instructionAPI_static.vcxproj", "{F7894CD0-7190-4B5E-B070-32FBA19FEAD8}"
	ProjectSection(ProjectDependencies) = postProject
		{AAB9B8B5-4638-49F9-84A8-3A57168491CA} = {AAB9B8B5-4638-49F9-84A8-3A57168491CA}
	EndProjectSection
EndProject
Project("{8BC9CEB8-8B4A-11D0-8D11-00A0C91BC942}") = "parseAPI", "parseAPI\parseAPI.vcxproj", "{D09AF9B2-5A7D-4517-9CDC-E8DEA662F8A2}"
	ProjectSection(ProjectDependencies) = postProject
		{AAB9B8B5-4638-49F9-84A8-3A57168491CA} = {AAB9B8B5-4638-49F9-84A8-3A57168491CA}
		{C177E433-B9F9-4222-8000-B375B1F4D013} = {C177E433-B9F9-4222-8000-B375B1F4D013}
		{1A2094A6-7BBB-4E53-9DFD-830801D76EE9} = {1A2094A6-7BBB-4E53-9DFD-830801D76EE9}
		{B74FAC02-F105-45F1-A44F-03A80EDF56A6} = {B74FAC02-F105-45F1-A44F-03A80EDF56A6}
	EndProjectSection
EndProject
Project("{8BC9CEB8-8B4A-11D0-8D11-00A0C91BC942}") = "parseAPI_static", "parseAPI\parseAPI_static.vcxproj", "{3B306373-48FA-4766-AB12-E7195D8783E9}"
	ProjectSection(ProjectDependencies) = postProject
		{AAB9B8B5-4638-49F9-84A8-3A57168491CA} = {AAB9B8B5-4638-49F9-84A8-3A57168491CA}
	EndProjectSection
EndProject
Project("{8BC9CEB8-8B4A-11D0-8D11-00A0C91BC942}") = "patchAPI", "patchAPI\patchAPI.vcxproj", "{B6BA7C1B-2B1C-4D92-B8BA-C624A34B34D8}"
	ProjectSection(ProjectDependencies) = postProject
		{AAB9B8B5-4638-49F9-84A8-3A57168491CA} = {AAB9B8B5-4638-49F9-84A8-3A57168491CA}
		{C177E433-B9F9-4222-8000-B375B1F4D013} = {C177E433-B9F9-4222-8000-B375B1F4D013}
		{1A2094A6-7BBB-4E53-9DFD-830801D76EE9} = {1A2094A6-7BBB-4E53-9DFD-830801D76EE9}
		{D09AF9B2-5A7D-4517-9CDC-E8DEA662F8A2} = {D09AF9B2-5A7D-4517-9CDC-E8DEA662F8A2}
		{B74FAC02-F105-45F1-A44F-03A80EDF56A6} = {B74FAC02-F105-45F1-A44F-03A80EDF56A6}
	EndProjectSection
EndProject
Project("{8BC9CEB8-8B4A-11D0-8D11-00A0C91BC942}") = "patchAPI_static", "patchAPI\patchAPI_static.vcxproj", "{2529C37C-CAE8-4C24-9F40-1A8904F9FCA5}"
	ProjectSection(ProjectDependencies) = postProject
		{AAB9B8B5-4638-49F9-84A8-3A57168491CA} = {AAB9B8B5-4638-49F9-84A8-3A57168491CA}
	EndProjectSection
EndProject
Project("{8BC9CEB8-8B4A-11D0-8D11-00A0C91BC942}") = "pcontrol", "proccontrol\pcontrol.vcxproj", "{A059AF20-439D-499E-B7CD-C9772385AD3C}"
	ProjectSection(ProjectDependencies) = postProject
		{AAB9B8B5-4638-49F9-84A8-3A57168491CA} = {AAB9B8B5-4638-49F9-84A8-3A57168491CA}
		{C177E433-B9F9-4222-8000-B375B1F4D013} = {C177E433-B9F9-4222-8000-B375B1F4D013}
		{B74FAC02-F105-45F1-A44F-03A80EDF56A6} = {B74FAC02-F105-45F1-A44F-03A80EDF56A6}
	EndProjectSection
EndProject
Project("{8BC9CEB8-8B4A-11D0-8D11-00A0C91BC942}") = "pcontrol_static", "proccontrol\pcontrol_static.vcxproj", "{F4329935-DC8F-4E69-A58C-8C748922DB77}"
	ProjectSection(ProjectDependencies) = postProject
		{AAB9B8B5-4638-49F9-84A8-3A57168491CA} = {AAB9B8B5-4638-49F9-84A8-3A57168491CA}
	EndProjectSection
EndProject
Project("{8BC9CEB8-8B4A-11D0-8D11-00A0C91BC942}") = "stackwalk", "stackwalk\stackwalk.vcxproj", "{07E48887-28A5-4E6F-B582-7F813881259D}"
	ProjectSection(ProjectDependencies) = postProject
		{AAB9B8B5-4638-49F9-84A8-3A57168491CA} = {AAB9B8B5-4638-49F9-84A8-3A57168491CA}
		{C177E433-B9F9-4222-8000-B375B1F4D013} = {C177E433-B9F9-4222-8000-B375B1F4D013}
		{1A2094A6-7BBB-4E53-9DFD-830801D76EE9} = {1A2094A6-7BBB-4E53-9DFD-830801D76EE9}
		{D09AF9B2-5A7D-4517-9CDC-E8DEA662F8A2} = {D09AF9B2-5A7D-4517-9CDC-E8DEA662F8A2}
		{A059AF20-439D-499E-B7CD-C9772385AD3C} = {A059AF20-439D-499E-B7CD-C9772385AD3C}
		{B74FAC02-F105-45F1-A44F-03A80EDF56A6} = {B74FAC02-F105-45F1-A44F-03A80EDF56A6}
	EndProjectSection
EndProject
Project("{8BC9CEB8-8B4A-11D0-8D11-00A0C91BC942}") = "stackwalk_static", "stackwalk\stackwalk_static.vcxproj", "{15272D3C-18E1-49B7-990D-48A2D9A1D794}"
	ProjectSection(ProjectDependencies) = postProject
		{AAB9B8B5-4638-49F9-84A8-3A57168491CA} = {AAB9B8B5-4638-49F9-84A8-3A57168491CA}
	EndProjectSection
EndProject
Project("{8BC9CEB8-8B4A-11D0-8D11-00A0C91BC942}") = "symtabAPI", "symtabAPI\symtabAPI.vcxproj", "{B74FAC02-F105-45F1-A44F-03A80EDF56A6}"
	ProjectSection(ProjectDependencies) = postProject
		{AAB9B8B5-4638-49F9-84A8-3A57168491CA} = {AAB9B8B5-4638-49F9-84A8-3A57168491CA}
		{C177E433-B9F9-4222-8000-B375B1F4D013} = {C177E433-B9F9-4222-8000-B375B1F4D013}
	EndProjectSection
EndProject
Project("{8BC9CEB8-8B4A-11D0-8D11-00A0C91BC942}") = "symtabAPI_static", "symtabAPI\symtabAPI_static.vcxproj", "{019EC139-5B5A-44DC-804D-38D6956A298D}"
	ProjectSection(ProjectDependencies) = postProject
		{AAB9B8B5-4638-49F9-84A8-3A57168491CA} = {AAB9B8B5-4638-49F9-84A8-3A57168491CA}
	EndProjectSection
EndProject
Global
	GlobalSection(SolutionConfigurationPlatforms) = preSolution
		Debug|Win32 = Debug|Win32
		Release|Win32 = Release|Win32
		MinSizeRel|Win32 = MinSizeRel|Win32
		RelWithDebInfo|Win32 = RelWithDebInfo|Win32
	EndGlobalSection
	GlobalSection(ProjectConfigurationPlatforms) = postSolution
		{C279E421-5523-42F3-AF3F-22CE0BDB43D3}.Debug|Win32.ActiveCfg = Debug|Win32
		{C279E421-5523-42F3-AF3F-22CE0BDB43D3}.Debug|Win32.Build.0 = Debug|Win32
		{C279E421-5523-42F3-AF3F-22CE0BDB43D3}.Release|Win32.ActiveCfg = Release|Win32
		{C279E421-5523-42F3-AF3F-22CE0BDB43D3}.Release|Win32.Build.0 = Release|Win32
		{C279E421-5523-42F3-AF3F-22CE0BDB43D3}.MinSizeRel|Win32.ActiveCfg = MinSizeRel|Win32
		{C279E421-5523-42F3-AF3F-22CE0BDB43D3}.MinSizeRel|Win32.Build.0 = MinSizeRel|Win32
		{C279E421-5523-42F3-AF3F-22CE0BDB43D3}.RelWithDebInfo|Win32.ActiveCfg = RelWithDebInfo|Win32
		{C279E421-5523-42F3-AF3F-22CE0BDB43D3}.RelWithDebInfo|Win32.Build.0 = RelWithDebInfo|Win32
		{394B32B8-5C72-4D7C-AFB9-C0EA61B671A1}.Debug|Win32.ActiveCfg = Debug|Win32
		{394B32B8-5C72-4D7C-AFB9-C0EA61B671A1}.Debug|Win32.Build.0 = Debug|Win32
		{394B32B8-5C72-4D7C-AFB9-C0EA61B671A1}.Release|Win32.ActiveCfg = Release|Win32
		{394B32B8-5C72-4D7C-AFB9-C0EA61B671A1}.Release|Win32.Build.0 = Release|Win32
		{394B32B8-5C72-4D7C-AFB9-C0EA61B671A1}.MinSizeRel|Win32.ActiveCfg = MinSizeRel|Win32
		{394B32B8-5C72-4D7C-AFB9-C0EA61B671A1}.MinSizeRel|Win32.Build.0 = MinSizeRel|Win32
		{394B32B8-5C72-4D7C-AFB9-C0EA61B671A1}.RelWithDebInfo|Win32.ActiveCfg = RelWithDebInfo|Win32
		{394B32B8-5C72-4D7C-AFB9-C0EA61B671A1}.RelWithDebInfo|Win32.Build.0 = RelWithDebInfo|Win32
		{6D97A7FF-0727-4B1E-8EA0-F9C6D74CD92F}.Debug|Win32.ActiveCfg = Debug|Win32
		{6D97A7FF-0727-4B1E-8EA0-F9C6D74CD92F}.Release|Win32.ActiveCfg = Release|Win32
		{6D97A7FF-0727-4B1E-8EA0-F9C6D74CD92F}.MinSizeRel|Win32.ActiveCfg = MinSizeRel|Win32
		{6D97A7FF-0727-4B1E-8EA0-F9C6D74CD92F}.RelWithDebInfo|Win32.ActiveCfg = RelWithDebInfo|Win32
		{AAB9B8B5-4638-49F9-84A8-3A57168491CA}.Debug|Win32.ActiveCfg = Debug|Win32
		{AAB9B8B5-4638-49F9-84A8-3A57168491CA}.Debug|Win32.Build.0 = Debug|Win32
		{AAB9B8B5-4638-49F9-84A8-3A57168491CA}.Release|Win32.ActiveCfg = Release|Win32
		{AAB9B8B5-4638-49F9-84A8-3A57168491CA}.Release|Win32.Build.0 = Release|Win32
		{AAB9B8B5-4638-49F9-84A8-3A57168491CA}.MinSizeRel|Win32.ActiveCfg = MinSizeRel|Win32
		{AAB9B8B5-4638-49F9-84A8-3A57168491CA}.MinSizeRel|Win32.Build.0 = MinSizeRel|Win32
		{AAB9B8B5-4638-49F9-84A8-3A57168491CA}.RelWithDebInfo|Win32.ActiveCfg = RelWithDebInfo|Win32
		{AAB9B8B5-4638-49F9-84A8-3A57168491CA}.RelWithDebInfo|Win32.Build.0 = RelWithDebInfo|Win32
		{C177E433-B9F9-4222-8000-B375B1F4D013}.Debug|Win32.ActiveCfg = Debug|Win32
		{C177E433-B9F9-4222-8000-B375B1F4D013}.Debug|Win32.Build.0 = Debug|Win32
		{C177E433-B9F9-4222-8000-B375B1F4D013}.Release|Win32.ActiveCfg = Release|Win32
		{C177E433-B9F9-4222-8000-B375B1F4D013}.Release|Win32.Build.0 = Release|Win32
		{C177E433-B9F9-4222-8000-B375B1F4D013}.MinSizeRel|Win32.ActiveCfg = MinSizeRel|Win32
		{C177E433-B9F9-4222-8000-B375B1F4D013}.MinSizeRel|Win32.Build.0 = MinSizeRel|Win32
		{C177E433-B9F9-4222-8000-B375B1F4D013}.RelWithDebInfo|Win32.ActiveCfg = RelWithDebInfo|Win32
		{C177E433-B9F9-4222-8000-B375B1F4D013}.RelWithDebInfo|Win32.Build.0 = RelWithDebInfo|Win32
		{160B1EF2-28D6-40B1-9DC6-1CCF31D81630}.Debug|Win32.ActiveCfg = Debug|Win32
		{160B1EF2-28D6-40B1-9DC6-1CCF31D81630}.Debug|Win32.Build.0 = Debug|Win32
		{160B1EF2-28D6-40B1-9DC6-1CCF31D81630}.Release|Win32.ActiveCfg = Release|Win32
		{160B1EF2-28D6-40B1-9DC6-1CCF31D81630}.Release|Win32.Build.0 = Release|Win32
		{160B1EF2-28D6-40B1-9DC6-1CCF31D81630}.MinSizeRel|Win32.ActiveCfg = MinSizeRel|Win32
		{160B1EF2-28D6-40B1-9DC6-1CCF31D81630}.MinSizeRel|Win32.Build.0 = MinSizeRel|Win32
		{160B1EF2-28D6-40B1-9DC6-1CCF31D81630}.RelWithDebInfo|Win32.ActiveCfg = RelWithDebInfo|Win32
		{160B1EF2-28D6-40B1-9DC6-1CCF31D81630}.RelWithDebInfo|Win32.Build.0 = RelWithDebInfo|Win32
		{E073A1A2-1433-425B-AFFE-CE787A4F2E2F}.Debug|Win32.ActiveCfg = Debug|Win32
		{E073A1A2-1433-425B-AFFE-CE787A4F2E2F}.Debug|Win32.Build.0 = Debug|Win32
		{E073A1A2-1433-425B-AFFE-CE787A4F2E2F}.Release|Win32.ActiveCfg = Release|Win32
		{E073A1A2-1433-425B-AFFE-CE787A4F2E2F}.Release|Win32.Build.0 = Release|Win32
		{E073A1A2-1433-425B-AFFE-CE787A4F2E2F}.MinSizeRel|Win32.ActiveCfg = MinSizeRel|Win32
		{E073A1A2-1433-425B-AFFE-CE787A4F2E2F}.MinSizeRel|Win32.Build.0 = MinSizeRel|Win32
		{E073A1A2-1433-425B-AFFE-CE787A4F2E2F}.RelWithDebInfo|Win32.ActiveCfg = RelWithDebInfo|Win32
		{E073A1A2-1433-425B-AFFE-CE787A4F2E2F}.RelWithDebInfo|Win32.Build.0 = RelWithDebInfo|Win32
		{C6E62DD6-36B1-4AD3-9BE4-B885E5C4CA2C}.Debug|Win32.ActiveCfg = Debug|Win32
		{C6E62DD6-36B1-4AD3-9BE4-B885E5C4CA2C}.Debug|Win32.Build.0 = Debug|Win32
		{C6E62DD6-36B1-4AD3-9BE4-B885E5C4CA2C}.Release|Win32.ActiveCfg = Release|Win32
		{C6E62DD6-36B1-4AD3-9BE4-B885E5C4CA2C}.Release|Win32.Build.0 = Release|Win32
		{C6E62DD6-36B1-4AD3-9BE4-B885E5C4CA2C}.MinSizeRel|Win32.ActiveCfg = MinSizeRel|Win32
		{C6E62DD6-36B1-4AD3-9BE4-B885E5C4CA2C}.MinSizeRel|Win32.Build.0 = MinSizeRel|Win32
		{C6E62DD6-36B1-4AD3-9BE4-B885E5C4CA2C}.RelWithDebInfo|Win32.ActiveCfg = RelWithDebInfo|Win32
		{C6E62DD6-36B1-4AD3-9BE4-B885E5C4CA2C}.RelWithDebInfo|Win32.Build.0 = RelWithDebInfo|Win32
		{1A2094A6-7BBB-4E53-9DFD-830801D76EE9}.Debug|Win32.ActiveCfg = Debug|Win32
		{1A2094A6-7BBB-4E53-9DFD-830801D76EE9}.Debug|Win32.Build.0 = Debug|Win32
		{1A2094A6-7BBB-4E53-9DFD-830801D76EE9}.Release|Win32.ActiveCfg = Release|Win32
		{1A2094A6-7BBB-4E53-9DFD-830801D76EE9}.Release|Win32.Build.0 = Release|Win32
		{1A2094A6-7BBB-4E53-9DFD-830801D76EE9}.MinSizeRel|Win32.ActiveCfg = MinSizeRel|Win32
		{1A2094A6-7BBB-4E53-9DFD-830801D76EE9}.MinSizeRel|Win32.Build.0 = MinSizeRel|Win32
		{1A2094A6-7BBB-4E53-9DFD-830801D76EE9}.RelWithDebInfo|Win32.ActiveCfg = RelWithDebInfo|Win32
		{1A2094A6-7BBB-4E53-9DFD-830801D76EE9}.RelWithDebInfo|Win32.Build.0 = RelWithDebInfo|Win32
		{F7894CD0-7190-4B5E-B070-32FBA19FEAD8}.Debug|Win32.ActiveCfg = Debug|Win32
		{F7894CD0-7190-4B5E-B070-32FBA19FEAD8}.Debug|Win32.Build.0 = Debug|Win32
		{F7894CD0-7190-4B5E-B070-32FBA19FEAD8}.Release|Win32.ActiveCfg = Release|Win32
		{F7894CD0-7190-4B5E-B070-32FBA19FEAD8}.Release|Win32.Build.0 = Release|Win32
		{F7894CD0-7190-4B5E-B070-32FBA19FEAD8}.MinSizeRel|Win32.ActiveCfg = MinSizeRel|Win32
		{F7894CD0-7190-4B5E-B070-32FBA19FEAD8}.MinSizeRel|Win32.Build.0 = MinSizeRel|Win32
		{F7894CD0-7190-4B5E-B070-32FBA19FEAD8}.RelWithDebInfo|Win32.ActiveCfg = RelWithDebInfo|Win32
		{F7894CD0-7190-4B5E-B070-32FBA19FEAD8}.RelWithDebInfo|Win32.Build.0 = RelWithDebInfo|Win32
		{D09AF9B2-5A7D-4517-9CDC-E8DEA662F8A2}.Debug|Win32.ActiveCfg = Debug|Win32
		{D09AF9B2-5A7D-4517-9CDC-E8DEA662F8A2}.Debug|Win32.Build.0 = Debug|Win32
		{D09AF9B2-5A7D-4517-9CDC-E8DEA662F8A2}.Release|Win32.ActiveCfg = Release|Win32
		{D09AF9B2-5A7D-4517-9CDC-E8DEA662F8A2}.Release|Win32.Build.0 = Release|Win32
		{D09AF9B2-5A7D-4517-9CDC-E8DEA662F8A2}.MinSizeRel|Win32.ActiveCfg = MinSizeRel|Win32
		{D09AF9B2-5A7D-4517-9CDC-E8DEA662F8A2}.MinSizeRel|Win32.Build.0 = MinSizeRel|Win32
		{D09AF9B2-5A7D-4517-9CDC-E8DEA662F8A2}.RelWithDebInfo|Win32.ActiveCfg = RelWithDebInfo|Win32
		{D09AF9B2-5A7D-4517-9CDC-E8DEA662F8A2}.RelWithDebInfo|Win32.Build.0 = RelWithDebInfo|Win32
		{3B306373-48FA-4766-AB12-E7195D8783E9}.Debug|Win32.ActiveCfg = Debug|Win32
		{3B306373-48FA-4766-AB12-E7195D8783E9}.Debug|Win32.Build.0 = Debug|Win32
		{3B306373-48FA-4766-AB12-E7195D8783E9}.Release|Win32.ActiveCfg = Release|Win32
		{3B306373-48FA-4766-AB12-E7195D8783E9}.Release|Win32.Build.0 = Release|Win32
		{3B306373-48FA-4766-AB12-E7195D8783E9}.MinSizeRel|Win32.ActiveCfg = MinSizeRel|Win32
		{3B306373-48FA-4766-AB12-E7195D8783E9}.MinSizeRel|Win32.Build.0 = MinSizeRel|Win32
		{3B306373-48FA-4766-AB12-E7195D8783E9}.RelWithDebInfo|Win32.ActiveCfg = RelWithDebInfo|Win32
		{3B306373-48FA-4766-AB12-E7195D8783E9}.RelWithDebInfo|Win32.Build.0 = RelWithDebInfo|Win32
		{B6BA7C1B-2B1C-4D92-B8BA-C624A34B34D8}.Debug|Win32.ActiveCfg = Debug|Win32
		{B6BA7C1B-2B1C-4D92-B8BA-C624A34B34D8}.Debug|Win32.Build.0 = Debug|Win32
		{B6BA7C1B-2B1C-4D92-B8BA-C624A34B34D8}.Release|Win32.ActiveCfg = Release|Win32
		{B6BA7C1B-2B1C-4D92-B8BA-C624A34B34D8}.Release|Win32.Build.0 = Release|Win32
		{B6BA7C1B-2B1C-4D92-B8BA-C624A34B34D8}.MinSizeRel|Win32.ActiveCfg = MinSizeRel|Win32
		{B6BA7C1B-2B1C-4D92-B8BA-C624A34B34D8}.MinSizeRel|Win32.Build.0 = MinSizeRel|Win32
		{B6BA7C1B-2B1C-4D92-B8BA-C624A34B34D8}.RelWithDebInfo|Win32.ActiveCfg = RelWithDebInfo|Win32
		{B6BA7C1B-2B1C-4D92-B8BA-C624A34B34D8}.RelWithDebInfo|Win32.Build.0 = RelWithDebInfo|Win32
		{2529C37C-CAE8-4C24-9F40-1A8904F9FCA5}.Debug|Win32.ActiveCfg = Debug|Win32
		{2529C37C-CAE8-4C24-9F40-1A8904F9FCA5}.Debug|Win32.Build.0 = Debug|Win32
		{2529C37C-CAE8-4C24-9F40-1A8904F9FCA5}.Release|Win32.ActiveCfg = Release|Win32
		{2529C37C-CAE8-4C24-9F40-1A8904F9FCA5}.Release|Win32.Build.0 = Release|Win32
		{2529C37C-CAE8-4C24-9F40-1A8904F9FCA5}.MinSizeRel|Win32.ActiveCfg = MinSizeRel|Win32
		{2529C37C-CAE8-4C24-9F40-1A8904F9FCA5}.MinSizeRel|Win32.Build.0 = MinSizeRel|Win32
		{2529C37C-CAE8-4C24-9F40-1A8904F9FCA5}.RelWithDebInfo|Win32.ActiveCfg = RelWithDebInfo|Win32
		{2529C37C-CAE8-4C24-9F40-1A8904F9FCA5}.RelWithDebInfo|Win32.Build.0 = RelWithDebInfo|Win32
		{A059AF20-439D-499E-B7CD-C9772385AD3C}.Debug|Win32.ActiveCfg = Debug|Win32
		{A059AF20-439D-499E-B7CD-C9772385AD3C}.Debug|Win32.Build.0 = Debug|Win32
		{A059AF20-439D-499E-B7CD-C9772385AD3C}.Release|Win32.ActiveCfg = Release|Win32
		{A059AF20-439D-499E-B7CD-C9772385AD3C}.Release|Win32.Build.0 = Release|Win32
		{A059AF20-439D-499E-B7CD-C9772385AD3C}.MinSizeRel|Win32.ActiveCfg = MinSizeRel|Win32
		{A059AF20-439D-499E-B7CD-C9772385AD3C}.MinSizeRel|Win32.Build.0 = MinSizeRel|Win32
		{A059AF20-439D-499E-B7CD-C9772385AD3C}.RelWithDebInfo|Win32.ActiveCfg = RelWithDebInfo|Win32
		{A059AF20-439D-499E-B7CD-C9772385AD3C}.RelWithDebInfo|Win32.Build.0 = RelWithDebInfo|Win32
		{F4329935-DC8F-4E69-A58C-8C748922DB77}.Debug|Win32.ActiveCfg = Debug|Win32
		{F4329935-DC8F-4E69-A58C-8C748922DB77}.Debug|Win32.Build.0 = Debug|Win32
		{F4329935-DC8F-4E69-A58C-8C748922DB77}.Release|Win32.ActiveCfg = Release|Win32
		{F4329935-DC8F-4E69-A58C-8C748922DB77}.Release|Win32.Build.0 = Release|Win32
		{F4329935-DC8F-4E69-A58C-8C748922DB77}.MinSizeRel|Win32.ActiveCfg = MinSizeRel|Win32
		{F4329935-DC8F-4E69-A58C-8C748922DB77}.MinSizeRel|Win32.Build.0 = MinSizeRel|Win32
		{F4329935-DC8F-4E69-A58C-8C748922DB77}.RelWithDebInfo|Win32.ActiveCfg = RelWithDebInfo|Win32
		{F4329935-DC8F-4E69-A58C-8C748922DB77}.RelWithDebInfo|Win32.Build.0 = RelWithDebInfo|Win32
		{07E48887-28A5-4E6F-B582-7F813881259D}.Debug|Win32.ActiveCfg = Debug|Win32
		{07E48887-28A5-4E6F-B582-7F813881259D}.Debug|Win32.Build.0 = Debug|Win32
		{07E48887-28A5-4E6F-B582-7F813881259D}.Release|Win32.ActiveCfg = Release|Win32
		{07E48887-28A5-4E6F-B582-7F813881259D}.Release|Win32.Build.0 = Release|Win32
		{07E48887-28A5-4E6F-B582-7F813881259D}.MinSizeRel|Win32.ActiveCfg = MinSizeRel|Win32
		{07E48887-28A5-4E6F-B582-7F813881259D}.MinSizeRel|Win32.Build.0 = MinSizeRel|Win32
		{07E48887-28A5-4E6F-B582-7F813881259D}.RelWithDebInfo|Win32.ActiveCfg = RelWithDebInfo|Win32
		{07E48887-28A5-4E6F-B582-7F813881259D}.RelWithDebInfo|Win32.Build.0 = RelWithDebInfo|Win32
		{15272D3C-18E1-49B7-990D-48A2D9A1D794}.Debug|Win32.ActiveCfg = Debug|Win32
		{15272D3C-18E1-49B7-990D-48A2D9A1D794}.Debug|Win32.Build.0 = Debug|Win32
		{15272D3C-18E1-49B7-990D-48A2D9A1D794}.Release|Win32.ActiveCfg = Release|Win32
		{15272D3C-18E1-49B7-990D-48A2D9A1D794}.Release|Win32.Build.0 = Release|Win32
		{15272D3C-18E1-49B7-990D-48A2D9A1D794}.MinSizeRel|Win32.ActiveCfg = MinSizeRel|Win32
		{15272D3C-18E1-49B7-990D-48A2D9A1D794}.MinSizeRel|Win32.Build.0 = MinSizeRel|Win32
		{15272D3C-18E1-49B7-990D-48A2D9A1D794}.RelWithDebInfo|Win32.ActiveCfg = RelWithDebInfo|Win32
		{15272D3C-18E1-49B7-990D-48A2D9A1D794}.RelWithDebInfo|Win32.Build.0 = RelWithDebInfo|Win32
		{B74FAC02-F105-45F1-A44F-03A80EDF56A6}.Debug|Win32.ActiveCfg = Debug|Win32
		{B74FAC02-F105-45F1-A44F-03A80EDF56A6}.Debug|Win32.Build.0 = Debug|Win32
		{B74FAC02-F105-45F1-A44F-03A80EDF56A6}.Release|Win32.ActiveCfg = Release|Win32
		{B74FAC02-F105-45F1-A44F-03A80EDF56A6}.Release|Win32.Build.0 = Release|Win32
		{B74FAC02-F105-45F1-A44F-03A80EDF56A6}.MinSizeRel|Win32.ActiveCfg = MinSizeRel|Win32
		{B74FAC02-F105-45F1-A44F-03A80EDF56A6}.MinSizeRel|Win32.Build.0 = MinSizeRel|Win32
		{B74FAC02-F105-45F1-A44F-03A80EDF56A6}.RelWithDebInfo|Win32.ActiveCfg = RelWithDebInfo|Win32
		{B74FAC02-F105-45F1-A44F-03A80EDF56A6}.RelWithDebInfo|Win32.Build.0 = RelWithDebInfo|Win32
		{019EC139-5B5A-44DC-804D-38D6956A298D}.Debug|Win32.ActiveCfg = Debug|Win32
		{019EC139-5B5A-44DC-804D-38D6956A298D}.Debug|Win32.Build.0 = Debug|Win32
		{019EC139-5B5A-44DC-804D-38D6956A298D}.Release|Win32.ActiveCfg = Release|Win32
		{019EC139-5B5A-44DC-804D-38D6956A298D}.Release|Win32.Build.0 = Release|Win32
		{019EC139-5B5A-44DC-804D-38D6956A298D}.MinSizeRel|Win32.ActiveCfg = MinSizeRel|Win32
		{019EC139-5B5A-44DC-804D-38D6956A298D}.MinSizeRel|Win32.Build.0 = MinSizeRel|Win32
		{019EC139-5B5A-44DC-804D-38D6956A298D}.RelWithDebInfo|Win32.ActiveCfg = RelWithDebInfo|Win32
		{019EC139-5B5A-44DC-804D-38D6956A298D}.RelWithDebInfo|Win32.Build.0 = RelWithDebInfo|Win32
	EndGlobalSection
	GlobalSection(ExtensibilityGlobals) = postSolution
	EndGlobalSection
	GlobalSection(ExtensibilityAddIns) = postSolution
	EndGlobalSection
EndGlobal
