Microsoft Visual Studio Solution File, Format Version 8.00
Project("{8BC9CEB8-8B4A-11D0-8D11-00A0C91BC942}") = "igen", "igen\igen.vcproj", "{05E4DEFA-2188-48F3-9DA3-F3A33C468ED2}"
	ProjectSection(ProjectDependencies) = postProject
	EndProjectSection
EndProject
Project("{8BC9CEB8-8B4A-11D0-8D11-00A0C91BC942}") = "libmrnet", "mrnet\i386-unknown-nt4.0\MRNet\libmrnet\libmrnet.vcproj", "{F8535ACB-5282-4C0D-9483-EA858240DC8D}"
	ProjectSection(ProjectDependencies) = postProject
		{F23F7EDF-18A7-4DEF-BA24-6374E1958EAC} = {F23F7EDF-18A7-4DEF-BA24-6374E1958EAC}
	EndProjectSection
EndProject
Project("{8BC9CEB8-8B4A-11D0-8D11-00A0C91BC942}") = "libxplat", "mrnet\i386-unknown-nt4.0\MRNet\libxplat\libxplat.vcproj", "{F23F7EDF-18A7-4DEF-BA24-6374E1958EAC}"
	ProjectSection(ProjectDependencies) = postProject
	EndProjectSection
EndProject
Project("{8BC9CEB8-8B4A-11D0-8D11-00A0C91BC942}") = "pdthread", "pdthread\pdthread.vcproj", "{A658602F-89C3-4C01-99B7-CECF7E3324C4}"
	ProjectSection(ProjectDependencies) = postProject
		{F23F7EDF-18A7-4DEF-BA24-6374E1958EAC} = {F23F7EDF-18A7-4DEF-BA24-6374E1958EAC}
		{05E4DEFA-2188-48F3-9DA3-F3A33C468ED2} = {05E4DEFA-2188-48F3-9DA3-F3A33C468ED2}
	EndProjectSection
EndProject
Project("{8BC9CEB8-8B4A-11D0-8D11-00A0C91BC942}") = "pdutil", "pdutil\pdutil.vcproj", "{D491FB45-8813-487A-9AA8-DA5A1CE9D961}"
	ProjectSection(ProjectDependencies) = postProject
		{197E213A-6900-4D09-B280-109A0D02DF36} = {197E213A-6900-4D09-B280-109A0D02DF36}
		{F23F7EDF-18A7-4DEF-BA24-6374E1958EAC} = {F23F7EDF-18A7-4DEF-BA24-6374E1958EAC}
		{05E4DEFA-2188-48F3-9DA3-F3A33C468ED2} = {05E4DEFA-2188-48F3-9DA3-F3A33C468ED2}
	EndProjectSection
EndProject
Project("{8BC9CEB8-8B4A-11D0-8D11-00A0C91BC942}") = "paradyn", "paradyn\paradyn.vcproj", "{985B1407-D2E2-4E59-B67E-3D7414AD0723}"
	ProjectSection(ProjectDependencies) = postProject
		{A658602F-89C3-4C01-99B7-CECF7E3324C4} = {A658602F-89C3-4C01-99B7-CECF7E3324C4}
		{197E213A-6900-4D09-B280-109A0D02DF36} = {197E213A-6900-4D09-B280-109A0D02DF36}
		{D491FB45-8813-487A-9AA8-DA5A1CE9D961} = {D491FB45-8813-487A-9AA8-DA5A1CE9D961}
		{F8535ACB-5282-4C0D-9483-EA858240DC8D} = {F8535ACB-5282-4C0D-9483-EA858240DC8D}
		{F23F7EDF-18A7-4DEF-BA24-6374E1958EAC} = {F23F7EDF-18A7-4DEF-BA24-6374E1958EAC}
		{05E4DEFA-2188-48F3-9DA3-F3A33C468ED2} = {05E4DEFA-2188-48F3-9DA3-F3A33C468ED2}
	EndProjectSection
EndProject
Project("{8BC9CEB8-8B4A-11D0-8D11-00A0C91BC942}") = "DyninstAPI_RT", "dyninstAPI_RT\DyninstAPI_RT.vcproj", "{2AB5FA1E-CF56-4E8A-93B7-6A8940DCB602}"
	ProjectSection(ProjectDependencies) = postProject
	EndProjectSection
EndProject
Project("{8BC9CEB8-8B4A-11D0-8D11-00A0C91BC942}") = "rtinst", "rtinst\rtinst.vcproj", "{A87A4650-15BA-4F24-9E7B-3007BD14A006}"
	ProjectSection(ProjectDependencies) = postProject
		{2AB5FA1E-CF56-4E8A-93B7-6A8940DCB602} = {2AB5FA1E-CF56-4E8A-93B7-6A8940DCB602}
	EndProjectSection
EndProject
Project("{8BC9CEB8-8B4A-11D0-8D11-00A0C91BC942}") = "paradynd", "paradynd\paradynd.vcproj", "{794CE687-6028-4537-AB7B-C2494A1CDDCC}"
	ProjectSection(ProjectDependencies) = postProject
		{33F95814-6383-4480-A3F5-B9DC73B1DA1A} = {33F95814-6383-4480-A3F5-B9DC73B1DA1A}
		{2AB5FA1E-CF56-4E8A-93B7-6A8940DCB602} = {2AB5FA1E-CF56-4E8A-93B7-6A8940DCB602}
		{A658602F-89C3-4C01-99B7-CECF7E3324C4} = {A658602F-89C3-4C01-99B7-CECF7E3324C4}
		{197E213A-6900-4D09-B280-109A0D02DF36} = {197E213A-6900-4D09-B280-109A0D02DF36}
		{D491FB45-8813-487A-9AA8-DA5A1CE9D961} = {D491FB45-8813-487A-9AA8-DA5A1CE9D961}
		{F8535ACB-5282-4C0D-9483-EA858240DC8D} = {F8535ACB-5282-4C0D-9483-EA858240DC8D}
		{F23F7EDF-18A7-4DEF-BA24-6374E1958EAC} = {F23F7EDF-18A7-4DEF-BA24-6374E1958EAC}
		{05E4DEFA-2188-48F3-9DA3-F3A33C468ED2} = {05E4DEFA-2188-48F3-9DA3-F3A33C468ED2}
	EndProjectSection
EndProject
Project("{8BC9CEB8-8B4A-11D0-8D11-00A0C91BC942}") = "visi", "visi\visi.vcproj", "{18FEEEEB-2388-4B80-9BCF-23D7B81ACF40}"
	ProjectSection(ProjectDependencies) = postProject
		{05E4DEFA-2188-48F3-9DA3-F3A33C468ED2} = {05E4DEFA-2188-48F3-9DA3-F3A33C468ED2}
	EndProjectSection
EndProject
Project("{8BC9CEB8-8B4A-11D0-8D11-00A0C91BC942}") = "barchart", "visiClients\barchart\barchart.vcproj", "{65592F08-53A3-4053-8F65-3E80EBD10E9F}"
	ProjectSection(ProjectDependencies) = postProject
		{D491FB45-8813-487A-9AA8-DA5A1CE9D961} = {D491FB45-8813-487A-9AA8-DA5A1CE9D961}
		{18FEEEEB-2388-4B80-9BCF-23D7B81ACF40} = {18FEEEEB-2388-4B80-9BCF-23D7B81ACF40}
	EndProjectSection
EndProject
Project("{8BC9CEB8-8B4A-11D0-8D11-00A0C91BC942}") = "histVisi", "visiClients\histVisi\histVisi.vcproj", "{27E02431-06CA-47A2-80CB-B4F3B0E80960}"
	ProjectSection(ProjectDependencies) = postProject
		{D491FB45-8813-487A-9AA8-DA5A1CE9D961} = {D491FB45-8813-487A-9AA8-DA5A1CE9D961}
		{18FEEEEB-2388-4B80-9BCF-23D7B81ACF40} = {18FEEEEB-2388-4B80-9BCF-23D7B81ACF40}
	EndProjectSection
EndProject
Project("{8BC9CEB8-8B4A-11D0-8D11-00A0C91BC942}") = "phaseTable", "visiClients\phaseTable\phaseTable.vcproj", "{D69A1730-E804-4BB9-94A1-5A0ABCA6B60D}"
	ProjectSection(ProjectDependencies) = postProject
		{D491FB45-8813-487A-9AA8-DA5A1CE9D961} = {D491FB45-8813-487A-9AA8-DA5A1CE9D961}
		{18FEEEEB-2388-4B80-9BCF-23D7B81ACF40} = {18FEEEEB-2388-4B80-9BCF-23D7B81ACF40}
	EndProjectSection
EndProject
Project("{8BC9CEB8-8B4A-11D0-8D11-00A0C91BC942}") = "tableVisi", "visiClients\tableVisi\tableVisi.vcproj", "{2A273731-2806-4789-AC74-6FA76C616EF1}"
	ProjectSection(ProjectDependencies) = postProject
		{D491FB45-8813-487A-9AA8-DA5A1CE9D961} = {D491FB45-8813-487A-9AA8-DA5A1CE9D961}
		{18FEEEEB-2388-4B80-9BCF-23D7B81ACF40} = {18FEEEEB-2388-4B80-9BCF-23D7B81ACF40}
	EndProjectSection
EndProject
Project("{8BC9CEB8-8B4A-11D0-8D11-00A0C91BC942}") = "tclVisi", "visiClients\tclVisi\tclVisi.vcproj", "{DA35B200-DE41-49A3-9E22-167396C49FF6}"
	ProjectSection(ProjectDependencies) = postProject
		{D491FB45-8813-487A-9AA8-DA5A1CE9D961} = {D491FB45-8813-487A-9AA8-DA5A1CE9D961}
		{18FEEEEB-2388-4B80-9BCF-23D7B81ACF40} = {18FEEEEB-2388-4B80-9BCF-23D7B81ACF40}
	EndProjectSection
EndProject
Project("{8BC9CEB8-8B4A-11D0-8D11-00A0C91BC942}") = "mrnet_commnode", "mrnet\i386-unknown-nt4.0\MRNet\mrnet_commnode\mrnet_commnode.vcproj", "{7FDF565C-8091-4F35-A556-442E0A922606}"
	ProjectSection(ProjectDependencies) = postProject
		{F8535ACB-5282-4C0D-9483-EA858240DC8D} = {F8535ACB-5282-4C0D-9483-EA858240DC8D}
		{F23F7EDF-18A7-4DEF-BA24-6374E1958EAC} = {F23F7EDF-18A7-4DEF-BA24-6374E1958EAC}
	EndProjectSection
EndProject
Project("{8BC9CEB8-8B4A-11D0-8D11-00A0C91BC942}") = "sharedMem", "sharedMem\sharedMem.vcproj", "{C34542B3-DD0D-42E6-A9CD-C490ACB4980E}"
	ProjectSection(ProjectDependencies) = postProject
	EndProjectSection
EndProject
Project("{8BC9CEB8-8B4A-11D0-8D11-00A0C91BC942}") = "dyninstAPI", "dyninstAPI\dyninstAPI.vcproj", "{33F95814-6383-4480-A3F5-B9DC73B1DA1A}"
	ProjectSection(ProjectDependencies) = postProject
		{197E213A-6900-4D09-B280-109A0D02DF36} = {197E213A-6900-4D09-B280-109A0D02DF36}
	EndProjectSection
EndProject
Project("{8BC9CEB8-8B4A-11D0-8D11-00A0C91BC942}") = "testsuite", "testsuite\i386-unknown-nt4.0\testsuite.vcproj", "{73BD9B12-EDAE-48F5-9118-250FF506ED16}"
	ProjectSection(ProjectDependencies) = postProject
		{33F95814-6383-4480-A3F5-B9DC73B1DA1A} = {33F95814-6383-4480-A3F5-B9DC73B1DA1A}
		{2AB5FA1E-CF56-4E8A-93B7-6A8940DCB602} = {2AB5FA1E-CF56-4E8A-93B7-6A8940DCB602}
	EndProjectSection
EndProject
Project("{54435603-DBB4-11D2-8724-00A0C9A8B90C}") = "Installer", "..\packagers\msi\Dyninst\Installer.vdproj", "{04AFA4EA-A91A-4F10-A494-9BBE70B49CCD}"
	ProjectSection(ProjectDependencies) = postProject
	EndProjectSection
	ProjectSection(ProjectDependencies) = postProject
		{33F95814-6383-4480-A3F5-B9DC73B1DA1A} = {33F95814-6383-4480-A3F5-B9DC73B1DA1A}
		{2AB5FA1E-CF56-4E8A-93B7-6A8940DCB602} = {2AB5FA1E-CF56-4E8A-93B7-6A8940DCB602}
	EndProjectSection
EndProject
Project("{8BC9CEB8-8B4A-11D0-8D11-00A0C91BC942}") = "tests", "dyninstAPI\tests\i386-unknown-nt4.0\tests.vcproj", "{CE1446AB-D215-436F-9965-DD7C3CEC08A4}"
	ProjectSection(ProjectDependencies) = postProject
		{33F95814-6383-4480-A3F5-B9DC73B1DA1A} = {33F95814-6383-4480-A3F5-B9DC73B1DA1A}
		{2AB5FA1E-CF56-4E8A-93B7-6A8940DCB602} = {2AB5FA1E-CF56-4E8A-93B7-6A8940DCB602}
	EndProjectSection
EndProject
Project("{54435603-DBB4-11D2-8724-00A0C9A8B90C}") = "Testsuite Installer", "..\packagers\msi\Tests\Testsuite Installer.vdproj", "{8CF626CB-5720-44CE-896A-A54418D03B66}"
	ProjectSection(ProjectDependencies) = postProject
	EndProjectSection
	ProjectSection(ProjectDependencies) = postProject
		{CE1446AB-D215-436F-9965-DD7C3CEC08A4} = {CE1446AB-D215-436F-9965-DD7C3CEC08A4}
		{04AFA4EA-A91A-4F10-A494-9BBE70B49CCD} = {04AFA4EA-A91A-4F10-A494-9BBE70B49CCD}
	EndProjectSection
EndProject
Project("{8BC9CEB8-8B4A-11D0-8D11-00A0C91BC942}") = "common", "common\common.vcproj", "{197E213A-6900-4D09-B280-109A0D02DF36}"
	ProjectSection(ProjectDependencies) = postProject
	EndProjectSection
EndProject
Project("{8BC9CEB8-8B4A-11D0-8D11-00A0C91BC942}") = "symtabAPI", "symtabAPI\symtabAPI.vcproj", "{79CC6672-5A8B-4D3B-BEEA-75024607A81B}"
	ProjectSection(ProjectDependencies) = postProject
	EndProjectSection
EndProject
Global
	GlobalSection(SolutionConfiguration) = preSolution
		Debug = Debug
		Release = Release
	EndGlobalSection
	GlobalSection(ProjectConfiguration) = postSolution
		{05E4DEFA-2188-48F3-9DA3-F3A33C468ED2}.Debug.ActiveCfg = Debug|Win32
		{05E4DEFA-2188-48F3-9DA3-F3A33C468ED2}.Debug.Build.0 = Debug|Win32
		{05E4DEFA-2188-48F3-9DA3-F3A33C468ED2}.Release.ActiveCfg = Release|Win32
		{F8535ACB-5282-4C0D-9483-EA858240DC8D}.Debug.ActiveCfg = Debug|Win32
		{F8535ACB-5282-4C0D-9483-EA858240DC8D}.Debug.Build.0 = Debug|Win32
		{F8535ACB-5282-4C0D-9483-EA858240DC8D}.Release.ActiveCfg = Release|Win32
		{F23F7EDF-18A7-4DEF-BA24-6374E1958EAC}.Debug.ActiveCfg = Debug|Win32
		{F23F7EDF-18A7-4DEF-BA24-6374E1958EAC}.Debug.Build.0 = Debug|Win32
		{F23F7EDF-18A7-4DEF-BA24-6374E1958EAC}.Release.ActiveCfg = Release|Win32
		{A658602F-89C3-4C01-99B7-CECF7E3324C4}.Debug.ActiveCfg = Debug|Win32
		{A658602F-89C3-4C01-99B7-CECF7E3324C4}.Debug.Build.0 = Debug|Win32
		{A658602F-89C3-4C01-99B7-CECF7E3324C4}.Release.ActiveCfg = Release|Win32
		{D491FB45-8813-487A-9AA8-DA5A1CE9D961}.Debug.ActiveCfg = Debug|Win32
		{D491FB45-8813-487A-9AA8-DA5A1CE9D961}.Debug.Build.0 = Debug|Win32
		{D491FB45-8813-487A-9AA8-DA5A1CE9D961}.Release.ActiveCfg = Release|Win32
		{985B1407-D2E2-4E59-B67E-3D7414AD0723}.Debug.ActiveCfg = Debug|Win32
		{985B1407-D2E2-4E59-B67E-3D7414AD0723}.Debug.Build.0 = Debug|Win32
		{985B1407-D2E2-4E59-B67E-3D7414AD0723}.Release.ActiveCfg = Release|Win32
		{2AB5FA1E-CF56-4E8A-93B7-6A8940DCB602}.Debug.ActiveCfg = Debug|Win32
		{2AB5FA1E-CF56-4E8A-93B7-6A8940DCB602}.Debug.Build.0 = Debug|Win32
		{2AB5FA1E-CF56-4E8A-93B7-6A8940DCB602}.Release.ActiveCfg = Release|Win32
		{2AB5FA1E-CF56-4E8A-93B7-6A8940DCB602}.Release.Build.0 = Release|Win32
		{A87A4650-15BA-4F24-9E7B-3007BD14A006}.Debug.ActiveCfg = Debug|Win32
		{A87A4650-15BA-4F24-9E7B-3007BD14A006}.Debug.Build.0 = Debug|Win32
		{A87A4650-15BA-4F24-9E7B-3007BD14A006}.Release.ActiveCfg = Debug|Win32
		{794CE687-6028-4537-AB7B-C2494A1CDDCC}.Debug.ActiveCfg = Debug|Win32
		{794CE687-6028-4537-AB7B-C2494A1CDDCC}.Debug.Build.0 = Debug|Win32
		{794CE687-6028-4537-AB7B-C2494A1CDDCC}.Release.ActiveCfg = Release|Win32
		{18FEEEEB-2388-4B80-9BCF-23D7B81ACF40}.Debug.ActiveCfg = Debug|Win32
		{18FEEEEB-2388-4B80-9BCF-23D7B81ACF40}.Debug.Build.0 = Debug|Win32
		{18FEEEEB-2388-4B80-9BCF-23D7B81ACF40}.Release.ActiveCfg = Release|Win32
		{65592F08-53A3-4053-8F65-3E80EBD10E9F}.Debug.ActiveCfg = Debug|Win32
		{65592F08-53A3-4053-8F65-3E80EBD10E9F}.Debug.Build.0 = Debug|Win32
		{65592F08-53A3-4053-8F65-3E80EBD10E9F}.Release.ActiveCfg = Release|Win32
		{27E02431-06CA-47A2-80CB-B4F3B0E80960}.Debug.ActiveCfg = Debug|Win32
		{27E02431-06CA-47A2-80CB-B4F3B0E80960}.Debug.Build.0 = Debug|Win32
		{27E02431-06CA-47A2-80CB-B4F3B0E80960}.Release.ActiveCfg = Release|Win32
		{D69A1730-E804-4BB9-94A1-5A0ABCA6B60D}.Debug.ActiveCfg = Debug|Win32
		{D69A1730-E804-4BB9-94A1-5A0ABCA6B60D}.Debug.Build.0 = Debug|Win32
		{D69A1730-E804-4BB9-94A1-5A0ABCA6B60D}.Release.ActiveCfg = Release|Win32
		{2A273731-2806-4789-AC74-6FA76C616EF1}.Debug.ActiveCfg = Debug|Win32
		{2A273731-2806-4789-AC74-6FA76C616EF1}.Debug.Build.0 = Debug|Win32
		{2A273731-2806-4789-AC74-6FA76C616EF1}.Release.ActiveCfg = Release|Win32
		{DA35B200-DE41-49A3-9E22-167396C49FF6}.Debug.ActiveCfg = Debug|Win32
		{DA35B200-DE41-49A3-9E22-167396C49FF6}.Debug.Build.0 = Debug|Win32
		{DA35B200-DE41-49A3-9E22-167396C49FF6}.Release.ActiveCfg = Release|Win32
		{7FDF565C-8091-4F35-A556-442E0A922606}.Debug.ActiveCfg = Debug|Win32
		{7FDF565C-8091-4F35-A556-442E0A922606}.Debug.Build.0 = Debug|Win32
		{7FDF565C-8091-4F35-A556-442E0A922606}.Release.ActiveCfg = Release|Win32
		{C34542B3-DD0D-42E6-A9CD-C490ACB4980E}.Debug.ActiveCfg = Debug|Win32
		{C34542B3-DD0D-42E6-A9CD-C490ACB4980E}.Debug.Build.0 = Debug|Win32
		{C34542B3-DD0D-42E6-A9CD-C490ACB4980E}.Release.ActiveCfg = Release|Win32
		{33F95814-6383-4480-A3F5-B9DC73B1DA1A}.Debug.ActiveCfg = Debug|Win32
		{33F95814-6383-4480-A3F5-B9DC73B1DA1A}.Debug.Build.0 = Debug|Win32
		{33F95814-6383-4480-A3F5-B9DC73B1DA1A}.Release.ActiveCfg = Release|Win32
		{33F95814-6383-4480-A3F5-B9DC73B1DA1A}.Release.Build.0 = Release|Win32
		{73BD9B12-EDAE-48F5-9118-250FF506ED16}.Debug.ActiveCfg = Debug|Win32
		{73BD9B12-EDAE-48F5-9118-250FF506ED16}.Debug.Build.0 = Debug|Win32
		{73BD9B12-EDAE-48F5-9118-250FF506ED16}.Release.ActiveCfg = Release|Win32
		{73BD9B12-EDAE-48F5-9118-250FF506ED16}.Release.Build.0 = Release|Win32
		{04AFA4EA-A91A-4F10-A494-9BBE70B49CCD}.Debug.ActiveCfg = Debug
		{04AFA4EA-A91A-4F10-A494-9BBE70B49CCD}.Release.ActiveCfg = Release
		{CE1446AB-D215-436F-9965-DD7C3CEC08A4}.Debug.ActiveCfg = Debug|Win32
		{CE1446AB-D215-436F-9965-DD7C3CEC08A4}.Debug.Build.0 = Debug|Win32
		{CE1446AB-D215-436F-9965-DD7C3CEC08A4}.Release.ActiveCfg = Release|Win32
		{8CF626CB-5720-44CE-896A-A54418D03B66}.Debug.ActiveCfg = Debug
		{8CF626CB-5720-44CE-896A-A54418D03B66}.Release.ActiveCfg = Release
		{197E213A-6900-4D09-B280-109A0D02DF36}.Debug.ActiveCfg = Debug|Win32
		{197E213A-6900-4D09-B280-109A0D02DF36}.Debug.Build.0 = Debug|Win32
		{197E213A-6900-4D09-B280-109A0D02DF36}.Release.ActiveCfg = Release|Win32
		{197E213A-6900-4D09-B280-109A0D02DF36}.Release.Build.0 = Release|Win32
		{79CC6672-5A8B-4D3B-BEEA-75024607A81B}.Debug.ActiveCfg = Debug|Win32
		{79CC6672-5A8B-4D3B-BEEA-75024607A81B}.Debug.Build.0 = Debug|Win32
		{79CC6672-5A8B-4D3B-BEEA-75024607A81B}.Release.ActiveCfg = Release|Win32
		{79CC6672-5A8B-4D3B-BEEA-75024607A81B}.Release.Build.0 = Release|Win32
	EndGlobalSection
	GlobalSection(ExtensibilityGlobals) = postSolution
	EndGlobalSection
	GlobalSection(ExtensibilityAddIns) = postSolution
	EndGlobalSection
EndGlobal
